
Microsoft Visual Studio Solution File, Format Version 12.00
# Visual Studio Version 17
VisualStudioVersion = 17.4.33122.133
MinimumVisualStudioVersion = 10.0.40219.1
Project("{FAE04EC0-301F-11D3-BF4B-00C04F79EFBC}") = "Analisis TP 3 Punto 4", "Analisis TP 3 Punto 4.csproj", "{E0555C20-7E66-471D-A041-0C4EC7BD99B3}"
EndProject
Global
	GlobalSection(SolutionConfigurationPlatforms) = preSolution
		Debug|Any CPU = Debug|Any CPU
		Release|Any CPU = Release|Any CPU
	EndGlobalSection
	GlobalSection(ProjectConfigurationPlatforms) = postSolution
		{E0555C20-7E66-471D-A041-0C4EC7BD99B3}.Debug|Any CPU.ActiveCfg = Debug|Any CPU
		{E0555C20-7E66-471D-A041-0C4EC7BD99B3}.Debug|Any CPU.Build.0 = Debug|Any CPU
		{E0555C20-7E66-471D-A041-0C4EC7BD99B3}.Release|Any CPU.ActiveCfg = Release|Any CPU
		{E0555C20-7E66-471D-A041-0C4EC7BD99B3}.Release|Any CPU.Build.0 = Release|Any CPU
	EndGlobalSection
	GlobalSection(SolutionProperties) = preSolution
		HideSolutionNode = FALSE
	EndGlobalSection
	GlobalSection(ExtensibilityGlobals) = postSolution
		SolutionGuid = {A0B6E8EE-E08D-4110-890C-BF128F313317}
	EndGlobalSection
EndGlobal
